{
    "version": 3,
    "terraform_version": "0.11.13",
    "serial": 2,
    "lineage": "d98b572e-e105-5dd4-35f3-1eef02c7bf79",
    "modules": [
        {
            "path": [
                "root"
            ],
            "outputs": {
                "cidr_block": {
                    "sensitive": false,
                    "type": "string",
                    "value": "10.5.0.0/16"
                },
                "jenkins_instance_id": {
                    "sensitive": false,
                    "type": "list",
                    "value": [
                        "i-08dfd54a19c46ab15"
                    ]
                },
                "jenkins_private_dns": {
                    "sensitive": false,
                    "type": "list",
                    "value": [
                        "ip-10-5-1-16.ec2.internal"
                    ]
                },
                "jenkins_private_ip": {
                    "sensitive": false,
                    "type": "list",
                    "value": [
                        "10.5.1.16"
                    ]
                },
                "jenkins_public_dns": {
                    "sensitive": false,
                    "type": "list",
                    "value": [
                        "ec2-54-160-201-188.compute-1.amazonaws.com"
                    ]
                },
                "jenkins_public_ip": {
                    "sensitive": false,
                    "type": "list",
                    "value": [
                        "54.160.201.188"
                    ]
                },
                "jenkins_sg_id": {
                    "sensitive": false,
                    "type": "string",
                    "value": "sg-0e4916e4758270b5e"
                },
                "nat_eips": {
                    "sensitive": false,
                    "type": "list",
                    "value": [
                        "3.209.205.20"
                    ]
                },
                "private_route_table_ids": {
                    "sensitive": false,
                    "type": "list",
                    "value": [
                        "rtb-0d67bb7283f93497f"
                    ]
                },
                "private_subnets": {
                    "sensitive": false,
                    "type": "list",
                    "value": [
                        "subnet-044934c2ae7db335d"
                    ]
                },
                "private_subnets_cidr": {
                    "sensitive": false,
                    "type": "list",
                    "value": [
                        "10.5.2.0/24"
                    ]
                },
                "public_route_table_id": {
                    "sensitive": false,
                    "type": "list",
                    "value": [
                        "rtb-06d5d520466be89a4"
                    ]
                },
                "public_subnets": {
                    "sensitive": false,
                    "type": "list",
                    "value": [
                        "subnet-0b00d7dd002044b77"
                    ]
                },
                "public_subnets_az": {
                    "sensitive": false,
                    "type": "list",
                    "value": [
                        "us-east-1a"
                    ]
                },
                "public_subnets_cidr": {
                    "sensitive": false,
                    "type": "list",
                    "value": [
                        "10.5.1.0/24"
                    ]
                },
                "vpc_id": {
                    "sensitive": false,
                    "type": "string",
                    "value": "vpc-02f6c1fbd431e04fb"
                }
            },
            "resources": {
                "data.aws_ami.jenkins": {
                    "type": "aws_ami",
                    "depends_on": [],
                    "primary": {
                        "id": "ami-02f885baa94b43a13",
                        "attributes": {
                            "architecture": "x86_64",
                            "block_device_mappings.#": "3",
                            "block_device_mappings.1634610537.device_name": "/dev/sdb",
                            "block_device_mappings.1634610537.ebs.%": "0",
                            "block_device_mappings.1634610537.no_device": "",
                            "block_device_mappings.1634610537.virtual_name": "ephemeral0",
                            "block_device_mappings.2547816212.device_name": "/dev/sda1",
                            "block_device_mappings.2547816212.ebs.%": "6",
                            "block_device_mappings.2547816212.ebs.delete_on_termination": "true",
                            "block_device_mappings.2547816212.ebs.encrypted": "false",
                            "block_device_mappings.2547816212.ebs.iops": "0",
                            "block_device_mappings.2547816212.ebs.snapshot_id": "snap-066e302a1c80e99f2",
                            "block_device_mappings.2547816212.ebs.volume_size": "8",
                            "block_device_mappings.2547816212.ebs.volume_type": "gp2",
                            "block_device_mappings.2547816212.no_device": "",
                            "block_device_mappings.2547816212.virtual_name": "",
                            "block_device_mappings.3850042718.device_name": "/dev/sdc",
                            "block_device_mappings.3850042718.ebs.%": "0",
                            "block_device_mappings.3850042718.no_device": "",
                            "block_device_mappings.3850042718.virtual_name": "ephemeral1",
                            "creation_date": "2019-03-22T11:04:36.000Z",
                            "filter.#": "1",
                            "filter.1245916347.name": "name",
                            "filter.1245916347.values.#": "1",
                            "filter.1245916347.values.0": "openrisk-jenkins-*",
                            "hypervisor": "xen",
                            "id": "ami-02f885baa94b43a13",
                            "image_id": "ami-02f885baa94b43a13",
                            "image_location": "954939487114/openrisk-jenkins-master-1553252313",
                            "image_type": "machine",
                            "most_recent": "true",
                            "name": "openrisk-jenkins-master-1553252313",
                            "owner_id": "954939487114",
                            "owners.#": "1",
                            "owners.0": "self",
                            "product_codes.#": "0",
                            "public": "false",
                            "root_device_name": "/dev/sda1",
                            "root_device_type": "ebs",
                            "root_snapshot_id": "snap-066e302a1c80e99f2",
                            "sriov_net_support": "simple",
                            "state": "available",
                            "state_reason.%": "2",
                            "state_reason.code": "UNSET",
                            "state_reason.message": "UNSET",
                            "tags.%": "1",
                            "tags.Name": "jenkins-server",
                            "virtualization_type": "hvm"
                        },
                        "meta": {},
                        "tainted": false
                    },
                    "deposed": [],
                    "provider": "provider.aws"
                }
            },
            "depends_on": []
        },
        {
            "path": [
                "root",
                "jenkins"
            ],
            "outputs": {
                "instance_id": {
                    "sensitive": false,
                    "type": "list",
                    "value": [
                        "i-08dfd54a19c46ab15"
                    ]
                },
                "private_dns": {
                    "sensitive": false,
                    "type": "list",
                    "value": [
                        "ip-10-5-1-16.ec2.internal"
                    ]
                },
                "private_ip": {
                    "sensitive": false,
                    "type": "list",
                    "value": [
                        "10.5.1.16"
                    ]
                },
                "public_dns": {
                    "sensitive": false,
                    "type": "list",
                    "value": [
                        "ec2-54-160-201-188.compute-1.amazonaws.com"
                    ]
                },
                "public_ip": {
                    "sensitive": false,
                    "type": "list",
                    "value": [
                        "54.160.201.188"
                    ]
                }
            },
            "resources": {
                "aws_instance.instance": {
                    "type": "aws_instance",
                    "depends_on": [],
                    "primary": {
                        "id": "i-08dfd54a19c46ab15",
                        "attributes": {
                            "ami": "ami-02f885baa94b43a13",
                            "arn": "arn:aws:ec2:us-east-1:954939487114:instance/i-08dfd54a19c46ab15",
                            "associate_public_ip_address": "true",
                            "availability_zone": "us-east-1a",
                            "cpu_core_count": "1",
                            "cpu_threads_per_core": "2",
                            "credit_specification.#": "1",
                            "credit_specification.0.cpu_credits": "unlimited",
                            "disable_api_termination": "false",
                            "ebs_block_device.#": "1",
                            "ebs_block_device.2671853018.delete_on_termination": "true",
                            "ebs_block_device.2671853018.device_name": "/dev/sdg",
                            "ebs_block_device.2671853018.encrypted": "false",
                            "ebs_block_device.2671853018.iops": "0",
                            "ebs_block_device.2671853018.snapshot_id": "",
                            "ebs_block_device.2671853018.volume_id": "vol-0299bbc7a175f709a",
                            "ebs_block_device.2671853018.volume_size": "20",
                            "ebs_block_device.2671853018.volume_type": "standard",
                            "ebs_optimized": "false",
                            "ephemeral_block_device.#": "0",
                            "get_password_data": "false",
                            "iam_instance_profile": "openrisk_instance_role",
                            "id": "i-08dfd54a19c46ab15",
                            "instance_state": "running",
                            "instance_type": "t3.large",
                            "ipv6_addresses.#": "0",
                            "key_name": "openrisk-virginia-secured",
                            "monitoring": "false",
                            "network_interface.#": "0",
                            "password_data": "",
                            "placement_group": "",
                            "primary_network_interface_id": "eni-00d54a0e0804f024e",
                            "private_dns": "ip-10-5-1-16.ec2.internal",
                            "private_ip": "10.5.1.16",
                            "public_dns": "ec2-54-160-201-188.compute-1.amazonaws.com",
                            "public_ip": "54.160.201.188",
                            "root_block_device.#": "1",
                            "root_block_device.0.delete_on_termination": "true",
                            "root_block_device.0.iops": "1500",
                            "root_block_device.0.volume_id": "vol-046fb0a73211b4275",
                            "root_block_device.0.volume_size": "500",
                            "root_block_device.0.volume_type": "gp2",
                            "security_groups.#": "0",
                            "source_dest_check": "true",
                            "subnet_id": "subnet-0b00d7dd002044b77",
                            "tags.%": "2",
                            "tags.Environment": "develop",
                            "tags.Name": "jenkins.openrisktech.com",
                            "tenancy": "default",
                            "volume_tags.%": "0",
                            "vpc_security_group_ids.#": "1",
                            "vpc_security_group_ids.3672357244": "sg-0e4916e4758270b5e"
                        },
                        "meta": {
                            "e2bfb730-ecaa-11e6-8f88-34363bc7c4c0": {
                                "create": 600000000000,
                                "delete": 1200000000000,
                                "update": 600000000000
                            },
                            "schema_version": "1"
                        },
                        "tainted": false
                    },
                    "deposed": [],
                    "provider": "provider.aws"
                }
            },
            "depends_on": []
        },
        {
            "path": [
                "root",
                "security_groups"
            ],
            "outputs": {
                "jenkins_sg_id": {
                    "sensitive": false,
                    "type": "string",
                    "value": "sg-0e4916e4758270b5e"
                }
            },
            "resources": {
                "aws_security_group.jenkins-SG": {
                    "type": "aws_security_group",
                    "depends_on": [],
                    "primary": {
                        "id": "sg-0e4916e4758270b5e",
                        "attributes": {
                            "arn": "arn:aws:ec2:us-east-1:954939487114:security-group/sg-0e4916e4758270b5e",
                            "description": "Jenkins security groups develop",
                            "egress.#": "1",
                            "egress.482069346.cidr_blocks.#": "1",
                            "egress.482069346.cidr_blocks.0": "0.0.0.0/0",
                            "egress.482069346.description": "",
                            "egress.482069346.from_port": "0",
                            "egress.482069346.ipv6_cidr_blocks.#": "0",
                            "egress.482069346.prefix_list_ids.#": "0",
                            "egress.482069346.protocol": "-1",
                            "egress.482069346.security_groups.#": "0",
                            "egress.482069346.self": "false",
                            "egress.482069346.to_port": "0",
                            "id": "sg-0e4916e4758270b5e",
                            "ingress.#": "4",
                            "ingress.2214680975.cidr_blocks.#": "1",
                            "ingress.2214680975.cidr_blocks.0": "0.0.0.0/0",
                            "ingress.2214680975.description": "",
                            "ingress.2214680975.from_port": "80",
                            "ingress.2214680975.ipv6_cidr_blocks.#": "0",
                            "ingress.2214680975.prefix_list_ids.#": "0",
                            "ingress.2214680975.protocol": "tcp",
                            "ingress.2214680975.security_groups.#": "0",
                            "ingress.2214680975.self": "false",
                            "ingress.2214680975.to_port": "80",
                            "ingress.2541437006.cidr_blocks.#": "1",
                            "ingress.2541437006.cidr_blocks.0": "0.0.0.0/0",
                            "ingress.2541437006.description": "",
                            "ingress.2541437006.from_port": "22",
                            "ingress.2541437006.ipv6_cidr_blocks.#": "0",
                            "ingress.2541437006.prefix_list_ids.#": "0",
                            "ingress.2541437006.protocol": "tcp",
                            "ingress.2541437006.security_groups.#": "0",
                            "ingress.2541437006.self": "false",
                            "ingress.2541437006.to_port": "22",
                            "ingress.2617001939.cidr_blocks.#": "1",
                            "ingress.2617001939.cidr_blocks.0": "0.0.0.0/0",
                            "ingress.2617001939.description": "",
                            "ingress.2617001939.from_port": "443",
                            "ingress.2617001939.ipv6_cidr_blocks.#": "0",
                            "ingress.2617001939.prefix_list_ids.#": "0",
                            "ingress.2617001939.protocol": "tcp",
                            "ingress.2617001939.security_groups.#": "0",
                            "ingress.2617001939.self": "false",
                            "ingress.2617001939.to_port": "443",
                            "ingress.516175195.cidr_blocks.#": "1",
                            "ingress.516175195.cidr_blocks.0": "0.0.0.0/0",
                            "ingress.516175195.description": "",
                            "ingress.516175195.from_port": "8080",
                            "ingress.516175195.ipv6_cidr_blocks.#": "0",
                            "ingress.516175195.prefix_list_ids.#": "0",
                            "ingress.516175195.protocol": "tcp",
                            "ingress.516175195.security_groups.#": "0",
                            "ingress.516175195.self": "false",
                            "ingress.516175195.to_port": "8080",
                            "name": "develop-us-east-1-jenkins-sg",
                            "owner_id": "954939487114",
                            "revoke_rules_on_delete": "false",
                            "tags.%": "1",
                            "tags.Name": "develop-us-east-1-jenkins-sg",
                            "vpc_id": "vpc-02f6c1fbd431e04fb"
                        },
                        "meta": {
                            "e2bfb730-ecaa-11e6-8f88-34363bc7c4c0": {
                                "create": 600000000000,
                                "delete": 600000000000
                            },
                            "schema_version": "1"
                        },
                        "tainted": false
                    },
                    "deposed": [],
                    "provider": "provider.aws"
                }
            },
            "depends_on": []
        },
        {
            "path": [
                "root",
                "vpc"
            ],
            "outputs": {
                "cidr_block": {
                    "sensitive": false,
                    "type": "string",
                    "value": "10.5.0.0/16"
                },
                "nat_eips": {
                    "sensitive": false,
                    "type": "list",
                    "value": [
                        "3.209.205.20"
                    ]
                },
                "private_route_table_ids": {
                    "sensitive": false,
                    "type": "list",
                    "value": [
                        "rtb-0d67bb7283f93497f"
                    ]
                },
                "private_subnets": {
                    "sensitive": false,
                    "type": "list",
                    "value": [
                        "subnet-044934c2ae7db335d"
                    ]
                },
                "private_subnets_az": {
                    "sensitive": false,
                    "type": "list",
                    "value": [
                        "us-east-1a"
                    ]
                },
                "private_subnets_cidr": {
                    "sensitive": false,
                    "type": "list",
                    "value": [
                        "10.5.2.0/24"
                    ]
                },
                "public_route_table_id": {
                    "sensitive": false,
                    "type": "list",
                    "value": [
                        "rtb-06d5d520466be89a4"
                    ]
                },
                "public_subnets": {
                    "sensitive": false,
                    "type": "list",
                    "value": [
                        "subnet-0b00d7dd002044b77"
                    ]
                },
                "public_subnets_az": {
                    "sensitive": false,
                    "type": "list",
                    "value": [
                        "us-east-1a"
                    ]
                },
                "public_subnets_cidr": {
                    "sensitive": false,
                    "type": "list",
                    "value": [
                        "10.5.1.0/24"
                    ]
                },
                "vpc_id": {
                    "sensitive": false,
                    "type": "string",
                    "value": "vpc-02f6c1fbd431e04fb"
                }
            },
            "resources": {
                "aws_eip.nat": {
                    "type": "aws_eip",
                    "depends_on": [],
                    "primary": {
                        "id": "eipalloc-0a134cb9a6a95c2df",
                        "attributes": {
                            "association_id": "",
                            "domain": "vpc",
                            "id": "eipalloc-0a134cb9a6a95c2df",
                            "instance": "",
                            "network_interface": "",
                            "private_ip": "",
                            "public_dns": "ec2-3-209-205-20.compute-1.amazonaws.com",
                            "public_ip": "3.209.205.20",
                            "public_ipv4_pool": "amazon",
                            "tags.%": "0",
                            "vpc": "true"
                        },
                        "meta": {
                            "e2bfb730-ecaa-11e6-8f88-34363bc7c4c0": {
                                "delete": 180000000000,
                                "read": 900000000000,
                                "update": 300000000000
                            }
                        },
                        "tainted": false
                    },
                    "deposed": [],
                    "provider": "provider.aws"
                },
                "aws_internet_gateway.igw": {
                    "type": "aws_internet_gateway",
                    "depends_on": [
                        "aws_vpc.vpc"
                    ],
                    "primary": {
                        "id": "igw-028e379b62a407243",
                        "attributes": {
                            "id": "igw-028e379b62a407243",
                            "owner_id": "954939487114",
                            "tags.%": "3",
                            "tags.Environment": "develop",
                            "tags.Name": "develop-igw",
                            "tags.managed_by": "terraform",
                            "vpc_id": "vpc-02f6c1fbd431e04fb"
                        },
                        "meta": {},
                        "tainted": false
                    },
                    "deposed": [],
                    "provider": "provider.aws"
                },
                "aws_nat_gateway.nat": {
                    "type": "aws_nat_gateway",
                    "depends_on": [
                        "aws_eip.nat.*",
                        "aws_subnet.public.*"
                    ],
                    "primary": {
                        "id": "nat-0f4cc04271f60cef8",
                        "attributes": {
                            "allocation_id": "eipalloc-0a134cb9a6a95c2df",
                            "id": "nat-0f4cc04271f60cef8",
                            "network_interface_id": "eni-0eff008b41b3dabc1",
                            "private_ip": "10.5.1.106",
                            "public_ip": "3.209.205.20",
                            "subnet_id": "subnet-0b00d7dd002044b77",
                            "tags.%": "2",
                            "tags.Environment": "develop",
                            "tags.Name": "develop-nat"
                        },
                        "meta": {},
                        "tainted": false
                    },
                    "deposed": [],
                    "provider": "provider.aws"
                },
                "aws_route.default": {
                    "type": "aws_route",
                    "depends_on": [
                        "aws_internet_gateway.igw",
                        "aws_route_table.public"
                    ],
                    "primary": {
                        "id": "r-rtb-06d5d520466be89a41080289494",
                        "attributes": {
                            "destination_cidr_block": "0.0.0.0/0",
                            "destination_prefix_list_id": "",
                            "egress_only_gateway_id": "",
                            "gateway_id": "igw-028e379b62a407243",
                            "id": "r-rtb-06d5d520466be89a41080289494",
                            "instance_id": "",
                            "instance_owner_id": "",
                            "nat_gateway_id": "",
                            "network_interface_id": "",
                            "origin": "CreateRoute",
                            "route_table_id": "rtb-06d5d520466be89a4",
                            "state": "active",
                            "transit_gateway_id": "",
                            "vpc_peering_connection_id": ""
                        },
                        "meta": {
                            "e2bfb730-ecaa-11e6-8f88-34363bc7c4c0": {
                                "create": 120000000000,
                                "delete": 300000000000
                            }
                        },
                        "tainted": false
                    },
                    "deposed": [],
                    "provider": "provider.aws"
                },
                "aws_route.nat_gateway": {
                    "type": "aws_route",
                    "depends_on": [
                        "aws_nat_gateway.nat.*",
                        "aws_route_table.private",
                        "aws_route_table.private.*"
                    ],
                    "primary": {
                        "id": "r-rtb-0d67bb7283f93497f1080289494",
                        "attributes": {
                            "destination_cidr_block": "0.0.0.0/0",
                            "destination_prefix_list_id": "",
                            "egress_only_gateway_id": "",
                            "gateway_id": "",
                            "id": "r-rtb-0d67bb7283f93497f1080289494",
                            "instance_id": "",
                            "instance_owner_id": "",
                            "nat_gateway_id": "nat-0f4cc04271f60cef8",
                            "network_interface_id": "",
                            "origin": "CreateRoute",
                            "route_table_id": "rtb-0d67bb7283f93497f",
                            "state": "active",
                            "transit_gateway_id": "",
                            "vpc_peering_connection_id": ""
                        },
                        "meta": {
                            "e2bfb730-ecaa-11e6-8f88-34363bc7c4c0": {
                                "create": 120000000000,
                                "delete": 300000000000
                            }
                        },
                        "tainted": false
                    },
                    "deposed": [],
                    "provider": "provider.aws"
                },
                "aws_route_table.private": {
                    "type": "aws_route_table",
                    "depends_on": [
                        "aws_vpc.vpc"
                    ],
                    "primary": {
                        "id": "rtb-0d67bb7283f93497f",
                        "attributes": {
                            "id": "rtb-0d67bb7283f93497f",
                            "owner_id": "954939487114",
                            "propagating_vgws.#": "0",
                            "route.#": "0",
                            "tags.%": "3",
                            "tags.Environment": "develop",
                            "tags.Name": "develop-vpc-private-us-east-1a",
                            "tags.managed_by": "terraform",
                            "vpc_id": "vpc-02f6c1fbd431e04fb"
                        },
                        "meta": {},
                        "tainted": false
                    },
                    "deposed": [],
                    "provider": "provider.aws"
                },
                "aws_route_table.public": {
                    "type": "aws_route_table",
                    "depends_on": [
                        "aws_vpc.vpc"
                    ],
                    "primary": {
                        "id": "rtb-06d5d520466be89a4",
                        "attributes": {
                            "id": "rtb-06d5d520466be89a4",
                            "owner_id": "954939487114",
                            "propagating_vgws.#": "0",
                            "route.#": "0",
                            "tags.%": "3",
                            "tags.Environment": "develop",
                            "tags.Name": "develop-vpc-public-us-east-1a",
                            "tags.managed_by": "terraform",
                            "vpc_id": "vpc-02f6c1fbd431e04fb"
                        },
                        "meta": {},
                        "tainted": false
                    },
                    "deposed": [],
                    "provider": "provider.aws"
                },
                "aws_route_table_association.private": {
                    "type": "aws_route_table_association",
                    "depends_on": [
                        "aws_route_table.private.*",
                        "aws_subnet.private.*"
                    ],
                    "primary": {
                        "id": "rtbassoc-0dac90252f1f504a4",
                        "attributes": {
                            "id": "rtbassoc-0dac90252f1f504a4",
                            "route_table_id": "rtb-0d67bb7283f93497f",
                            "subnet_id": "subnet-044934c2ae7db335d"
                        },
                        "meta": {},
                        "tainted": false
                    },
                    "deposed": [],
                    "provider": "provider.aws"
                },
                "aws_route_table_association.public": {
                    "type": "aws_route_table_association",
                    "depends_on": [
                        "aws_route_table.public",
                        "aws_subnet.public.*"
                    ],
                    "primary": {
                        "id": "rtbassoc-069f717ae0bef1a2d",
                        "attributes": {
                            "id": "rtbassoc-069f717ae0bef1a2d",
                            "route_table_id": "rtb-06d5d520466be89a4",
                            "subnet_id": "subnet-0b00d7dd002044b77"
                        },
                        "meta": {},
                        "tainted": false
                    },
                    "deposed": [],
                    "provider": "provider.aws"
                },
                "aws_subnet.private": {
                    "type": "aws_subnet",
                    "depends_on": [
                        "aws_vpc.vpc"
                    ],
                    "primary": {
                        "id": "subnet-044934c2ae7db335d",
                        "attributes": {
                            "arn": "arn:aws:ec2:us-east-1:954939487114:subnet/subnet-044934c2ae7db335d",
                            "assign_ipv6_address_on_creation": "false",
                            "availability_zone": "us-east-1a",
                            "availability_zone_id": "use1-az4",
                            "cidr_block": "10.5.2.0/24",
                            "id": "subnet-044934c2ae7db335d",
                            "ipv6_cidr_block": "",
                            "ipv6_cidr_block_association_id": "",
                            "map_public_ip_on_launch": "false",
                            "owner_id": "954939487114",
                            "tags.%": "3",
                            "tags.Environment": "develop",
                            "tags.Name": "develop-vpc-private-us-east-1a",
                            "tags.managed_by": "terraform",
                            "vpc_id": "vpc-02f6c1fbd431e04fb"
                        },
                        "meta": {
                            "e2bfb730-ecaa-11e6-8f88-34363bc7c4c0": {
                                "create": 600000000000,
                                "delete": 600000000000
                            },
                            "schema_version": "1"
                        },
                        "tainted": false
                    },
                    "deposed": [],
                    "provider": "provider.aws"
                },
                "aws_subnet.public": {
                    "type": "aws_subnet",
                    "depends_on": [
                        "aws_vpc.vpc"
                    ],
                    "primary": {
                        "id": "subnet-0b00d7dd002044b77",
                        "attributes": {
                            "arn": "arn:aws:ec2:us-east-1:954939487114:subnet/subnet-0b00d7dd002044b77",
                            "assign_ipv6_address_on_creation": "false",
                            "availability_zone": "us-east-1a",
                            "availability_zone_id": "use1-az4",
                            "cidr_block": "10.5.1.0/24",
                            "id": "subnet-0b00d7dd002044b77",
                            "ipv6_cidr_block": "",
                            "ipv6_cidr_block_association_id": "",
                            "map_public_ip_on_launch": "true",
                            "owner_id": "954939487114",
                            "tags.%": "3",
                            "tags.Environment": "develop",
                            "tags.Name": "develop-vpc-public-us-east-1a",
                            "tags.managed_by": "terraform",
                            "vpc_id": "vpc-02f6c1fbd431e04fb"
                        },
                        "meta": {
                            "e2bfb730-ecaa-11e6-8f88-34363bc7c4c0": {
                                "create": 600000000000,
                                "delete": 600000000000
                            },
                            "schema_version": "1"
                        },
                        "tainted": false
                    },
                    "deposed": [],
                    "provider": "provider.aws"
                },
                "aws_vpc.vpc": {
                    "type": "aws_vpc",
                    "depends_on": [],
                    "primary": {
                        "id": "vpc-02f6c1fbd431e04fb",
                        "attributes": {
                            "arn": "arn:aws:ec2:us-east-1:954939487114:vpc/vpc-02f6c1fbd431e04fb",
                            "assign_generated_ipv6_cidr_block": "false",
                            "cidr_block": "10.5.0.0/16",
                            "default_network_acl_id": "acl-0d5bfb1b6f462bafc",
                            "default_route_table_id": "rtb-0287f6a5aefc38a8f",
                            "default_security_group_id": "sg-095bd142e0b4f6f7c",
                            "dhcp_options_id": "dopt-e572fa80",
                            "enable_classiclink": "false",
                            "enable_classiclink_dns_support": "false",
                            "enable_dns_hostnames": "true",
                            "enable_dns_support": "true",
                            "id": "vpc-02f6c1fbd431e04fb",
                            "instance_tenancy": "default",
                            "ipv6_association_id": "",
                            "ipv6_cidr_block": "",
                            "main_route_table_id": "rtb-0287f6a5aefc38a8f",
                            "owner_id": "954939487114",
                            "tags.%": "2",
                            "tags.ENV": "develop",
                            "tags.Name": "develop-us-east-1"
                        },
                        "meta": {
                            "schema_version": "1"
                        },
                        "tainted": false
                    },
                    "deposed": [],
                    "provider": "provider.aws"
                }
            },
            "depends_on": []
        }
    ]
}
